
Microsoft Visual Studio Solution File, Format Version 12.00
# Visual Studio Version 17
VisualStudioVersion = 17.10.34928.147
MinimumVisualStudioVersion = 10.0.40219.1
Project("{9A19103F-16F7-4668-BE54-9A1E7A4F7556}") = "CaseApi", "CaseApi\CaseApi.csproj", "{58DE87B6-61E1-4F4A-A4B8-772FF632BC69}"
EndProject
Project("{9A19103F-16F7-4668-BE54-9A1E7A4F7556}") = "UserApi", "UserApi\UserApi.csproj", "{6851B8E2-1A22-43AA-9393-D7CFA139CB84}"
EndProject
Project("{9A19103F-16F7-4668-BE54-9A1E7A4F7556}") = "DocumentApi", "DocumentApi\DocumentApi.csproj", "{BC84F6FC-A99D-4CEE-8B9F-B4843702C6C0}"
EndProject
Project("{2150E333-8FDC-42A3-9474-1A3956D46DE8}") = "CaseServic", "CaseServic", "{DB70A3A5-4ECB-4906-8DFC-943B43C7D650}"
EndProject
Project("{FAE04EC0-301F-11D3-BF4B-00C04F79EFBC}") = "Case.DAL", "Case.DAL\Case.DAL.csproj", "{330D94A4-B97D-456D-B0AB-AB0BEACE6EE0}"
EndProject
Project("{FAE04EC0-301F-11D3-BF4B-00C04F79EFBC}") = "Case.BL", "Case.BL\Case.BL.csproj", "{1C5E7FC7-F509-4642-B57F-5142738F411A}"
EndProject
Project("{2150E333-8FDC-42A3-9474-1A3956D46DE8}") = "Shared", "Shared", "{47EBE1EE-64B2-4B96-807B-ED3078DBDB13}"
EndProject
Project("{FAE04EC0-301F-11D3-BF4B-00C04F79EFBC}") = "Shred", "Shred.Models\Shred.csproj", "{4F281111-2CE9-4E60-8E8E-0E5733A9C239}"
EndProject
Project("{2150E333-8FDC-42A3-9474-1A3956D46DE8}") = "NotificationService", "NotificationService", "{27AFEF47-BDA7-41B4-9D1C-093A23FB2829}"
EndProject
Project("{9A19103F-16F7-4668-BE54-9A1E7A4F7556}") = "NotificationApi", "NotificationController\NotificationApi.csproj", "{75C158DF-73E5-49EE-9DC3-5D7E5958C4E0}"
EndProject
Project("{9A19103F-16F7-4668-BE54-9A1E7A4F7556}") = "Notification.BL", "Notification.BL\Notification.BL.csproj", "{A1E0F816-7929-4751-B1CC-9AF1E7FDAABE}"
EndProject
Project("{9A19103F-16F7-4668-BE54-9A1E7A4F7556}") = "Notification.DAL", "Notification.DAL\Notification.DAL.csproj", "{43758F9D-2673-4D7C-8261-93339E23A4ED}"
EndProject
Global
	GlobalSection(SolutionConfigurationPlatforms) = preSolution
		Debug|Any CPU = Debug|Any CPU
		Release|Any CPU = Release|Any CPU
	EndGlobalSection
	GlobalSection(ProjectConfigurationPlatforms) = postSolution
		{58DE87B6-61E1-4F4A-A4B8-772FF632BC69}.Debug|Any CPU.ActiveCfg = Debug|Any CPU
		{58DE87B6-61E1-4F4A-A4B8-772FF632BC69}.Debug|Any CPU.Build.0 = Debug|Any CPU
		{58DE87B6-61E1-4F4A-A4B8-772FF632BC69}.Release|Any CPU.ActiveCfg = Release|Any CPU
		{58DE87B6-61E1-4F4A-A4B8-772FF632BC69}.Release|Any CPU.Build.0 = Release|Any CPU
		{6851B8E2-1A22-43AA-9393-D7CFA139CB84}.Debug|Any CPU.ActiveCfg = Debug|Any CPU
		{6851B8E2-1A22-43AA-9393-D7CFA139CB84}.Debug|Any CPU.Build.0 = Debug|Any CPU
		{6851B8E2-1A22-43AA-9393-D7CFA139CB84}.Release|Any CPU.ActiveCfg = Release|Any CPU
		{6851B8E2-1A22-43AA-9393-D7CFA139CB84}.Release|Any CPU.Build.0 = Release|Any CPU
		{BC84F6FC-A99D-4CEE-8B9F-B4843702C6C0}.Debug|Any CPU.ActiveCfg = Debug|Any CPU
		{BC84F6FC-A99D-4CEE-8B9F-B4843702C6C0}.Debug|Any CPU.Build.0 = Debug|Any CPU
		{BC84F6FC-A99D-4CEE-8B9F-B4843702C6C0}.Release|Any CPU.ActiveCfg = Release|Any CPU
		{BC84F6FC-A99D-4CEE-8B9F-B4843702C6C0}.Release|Any CPU.Build.0 = Release|Any CPU
		{330D94A4-B97D-456D-B0AB-AB0BEACE6EE0}.Debug|Any CPU.ActiveCfg = Debug|Any CPU
		{330D94A4-B97D-456D-B0AB-AB0BEACE6EE0}.Debug|Any CPU.Build.0 = Debug|Any CPU
		{330D94A4-B97D-456D-B0AB-AB0BEACE6EE0}.Release|Any CPU.ActiveCfg = Release|Any CPU
		{330D94A4-B97D-456D-B0AB-AB0BEACE6EE0}.Release|Any CPU.Build.0 = Release|Any CPU
		{1C5E7FC7-F509-4642-B57F-5142738F411A}.Debug|Any CPU.ActiveCfg = Debug|Any CPU
		{1C5E7FC7-F509-4642-B57F-5142738F411A}.Debug|Any CPU.Build.0 = Debug|Any CPU
		{1C5E7FC7-F509-4642-B57F-5142738F411A}.Release|Any CPU.ActiveCfg = Release|Any CPU
		{1C5E7FC7-F509-4642-B57F-5142738F411A}.Release|Any CPU.Build.0 = Release|Any CPU
		{4F281111-2CE9-4E60-8E8E-0E5733A9C239}.Debug|Any CPU.ActiveCfg = Debug|Any CPU
		{4F281111-2CE9-4E60-8E8E-0E5733A9C239}.Debug|Any CPU.Build.0 = Debug|Any CPU
		{4F281111-2CE9-4E60-8E8E-0E5733A9C239}.Release|Any CPU.ActiveCfg = Release|Any CPU
		{4F281111-2CE9-4E60-8E8E-0E5733A9C239}.Release|Any CPU.Build.0 = Release|Any CPU
		{75C158DF-73E5-49EE-9DC3-5D7E5958C4E0}.Debug|Any CPU.ActiveCfg = Debug|Any CPU
		{75C158DF-73E5-49EE-9DC3-5D7E5958C4E0}.Debug|Any CPU.Build.0 = Debug|Any CPU
		{75C158DF-73E5-49EE-9DC3-5D7E5958C4E0}.Release|Any CPU.ActiveCfg = Release|Any CPU
		{75C158DF-73E5-49EE-9DC3-5D7E5958C4E0}.Release|Any CPU.Build.0 = Release|Any CPU
		{A1E0F816-7929-4751-B1CC-9AF1E7FDAABE}.Debug|Any CPU.ActiveCfg = Debug|Any CPU
		{A1E0F816-7929-4751-B1CC-9AF1E7FDAABE}.Debug|Any CPU.Build.0 = Debug|Any CPU
		{A1E0F816-7929-4751-B1CC-9AF1E7FDAABE}.Release|Any CPU.ActiveCfg = Release|Any CPU
		{A1E0F816-7929-4751-B1CC-9AF1E7FDAABE}.Release|Any CPU.Build.0 = Release|Any CPU
		{43758F9D-2673-4D7C-8261-93339E23A4ED}.Debug|Any CPU.ActiveCfg = Debug|Any CPU
		{43758F9D-2673-4D7C-8261-93339E23A4ED}.Debug|Any CPU.Build.0 = Debug|Any CPU
		{43758F9D-2673-4D7C-8261-93339E23A4ED}.Release|Any CPU.ActiveCfg = Release|Any CPU
		{43758F9D-2673-4D7C-8261-93339E23A4ED}.Release|Any CPU.Build.0 = Release|Any CPU
	EndGlobalSection
	GlobalSection(SolutionProperties) = preSolution
		HideSolutionNode = FALSE
	EndGlobalSection
	GlobalSection(NestedProjects) = preSolution
		{58DE87B6-61E1-4F4A-A4B8-772FF632BC69} = {DB70A3A5-4ECB-4906-8DFC-943B43C7D650}
		{330D94A4-B97D-456D-B0AB-AB0BEACE6EE0} = {DB70A3A5-4ECB-4906-8DFC-943B43C7D650}
		{1C5E7FC7-F509-4642-B57F-5142738F411A} = {DB70A3A5-4ECB-4906-8DFC-943B43C7D650}
		{4F281111-2CE9-4E60-8E8E-0E5733A9C239} = {47EBE1EE-64B2-4B96-807B-ED3078DBDB13}
		{75C158DF-73E5-49EE-9DC3-5D7E5958C4E0} = {27AFEF47-BDA7-41B4-9D1C-093A23FB2829}
		{A1E0F816-7929-4751-B1CC-9AF1E7FDAABE} = {27AFEF47-BDA7-41B4-9D1C-093A23FB2829}
		{43758F9D-2673-4D7C-8261-93339E23A4ED} = {27AFEF47-BDA7-41B4-9D1C-093A23FB2829}
	EndGlobalSection
	GlobalSection(ExtensibilityGlobals) = postSolution
		SolutionGuid = {24C01CFF-519E-467A-8CC1-73A24B55A647}
	EndGlobalSection
EndGlobal
